{
  "requires": true,
  "lockfileVersion": 1,
  "dependencies": {
    "@types/googlemaps": {
      "version": "3.39.4",
      "resolved": "https://registry.npmjs.org/@types/googlemaps/-/googlemaps-3.39.4.tgz",
      "integrity": "sha512-R11RyCccERJhqSXlePFdoOXbWiTsY3H17Wl5e+JEpJFBXl8P+0Rm+JP8eqqSqOCtZjXDlYeKKnhE8a4VZlhtTw=="
    }
  }
}
